
Microsoft Visual Studio Solution File, Format Version 12.00
# Visual Studio Version 16
VisualStudioVersion = 16.0.31911.196
MinimumVisualStudioVersion = 10.0.40219.1
Project("{FAE04EC0-301F-11D3-BF4B-00C04F79EFBC}") = "AirlineWeb", "AirlineWeb\AirlineWeb.csproj", "{3311DEE4-C68F-4B0C-8CFF-BDBAEFA998A4}"
EndProject
Project("{FAE04EC0-301F-11D3-BF4B-00C04F79EFBC}") = "AirlineSendAgent", "AirlineSendAgent\AirlineSendAgent.csproj", "{A393BFA0-F44A-4224-91DB-FE1E693FE184}"
EndProject
Project("{FAE04EC0-301F-11D3-BF4B-00C04F79EFBC}") = "TravelAgentAPI", "TravelAgentAPI\TravelAgentAPI.csproj", "{7715A2F8-F1CE-4938-83B7-191A5C25AA76}"
EndProject
Project("{E53339B2-1760-4266-BCC7-CA923CBCF16C}") = "docker-compose", "docker-compose.dcproj", "{DF7443C3-3F92-4A30-8ACB-118E4D00AF2B}"
EndProject
Global
	GlobalSection(SolutionConfigurationPlatforms) = preSolution
		Debug|Any CPU = Debug|Any CPU
		Release|Any CPU = Release|Any CPU
	EndGlobalSection
	GlobalSection(ProjectConfigurationPlatforms) = postSolution
		{3311DEE4-C68F-4B0C-8CFF-BDBAEFA998A4}.Debug|Any CPU.ActiveCfg = Debug|Any CPU
		{3311DEE4-C68F-4B0C-8CFF-BDBAEFA998A4}.Debug|Any CPU.Build.0 = Debug|Any CPU
		{3311DEE4-C68F-4B0C-8CFF-BDBAEFA998A4}.Release|Any CPU.ActiveCfg = Release|Any CPU
		{3311DEE4-C68F-4B0C-8CFF-BDBAEFA998A4}.Release|Any CPU.Build.0 = Release|Any CPU
		{A393BFA0-F44A-4224-91DB-FE1E693FE184}.Debug|Any CPU.ActiveCfg = Debug|Any CPU
		{A393BFA0-F44A-4224-91DB-FE1E693FE184}.Debug|Any CPU.Build.0 = Debug|Any CPU
		{A393BFA0-F44A-4224-91DB-FE1E693FE184}.Release|Any CPU.ActiveCfg = Release|Any CPU
		{A393BFA0-F44A-4224-91DB-FE1E693FE184}.Release|Any CPU.Build.0 = Release|Any CPU
		{7715A2F8-F1CE-4938-83B7-191A5C25AA76}.Debug|Any CPU.ActiveCfg = Debug|Any CPU
		{7715A2F8-F1CE-4938-83B7-191A5C25AA76}.Debug|Any CPU.Build.0 = Debug|Any CPU
		{7715A2F8-F1CE-4938-83B7-191A5C25AA76}.Release|Any CPU.ActiveCfg = Release|Any CPU
		{7715A2F8-F1CE-4938-83B7-191A5C25AA76}.Release|Any CPU.Build.0 = Release|Any CPU
		{DF7443C3-3F92-4A30-8ACB-118E4D00AF2B}.Debug|Any CPU.ActiveCfg = Debug|Any CPU
		{DF7443C3-3F92-4A30-8ACB-118E4D00AF2B}.Debug|Any CPU.Build.0 = Debug|Any CPU
		{DF7443C3-3F92-4A30-8ACB-118E4D00AF2B}.Release|Any CPU.ActiveCfg = Release|Any CPU
		{DF7443C3-3F92-4A30-8ACB-118E4D00AF2B}.Release|Any CPU.Build.0 = Release|Any CPU
	EndGlobalSection
	GlobalSection(SolutionProperties) = preSolution
		HideSolutionNode = FALSE
	EndGlobalSection
	GlobalSection(ExtensibilityGlobals) = postSolution
		SolutionGuid = {61767E3A-B78B-4278-9E82-130FFD4729BF}
	EndGlobalSection
EndGlobal
